// !$*UTF8*$!
{
	archiveVersion = 1;
	classes = {
	};
	objectVersion = 50;
	objects = {

/* Begin PBXBuildFile section */
		FB2846C028717A7100CC84E4 /* AppDelegate.swift in Sources */ = {isa = PBXBuildFile; fileRef = FB2846BF28717A7100CC84E4 /* AppDelegate.swift */; };
		FB2846C228717A7100CC84E4 /* SceneDelegate.swift in Sources */ = {isa = PBXBuildFile; fileRef = FB2846C128717A7100CC84E4 /* SceneDelegate.swift */; };
		FB2846C428717A7100CC84E4 /* ViewController.swift in Sources */ = {isa = PBXBuildFile; fileRef = FB2846C328717A7100CC84E4 /* ViewController.swift */; };
		FB2846C728717A7100CC84E4 /* Main.storyboard in Resources */ = {isa = PBXBuildFile; fileRef = FB2846C528717A7100CC84E4 /* Main.storyboard */; };
		FB2846C928717A7200CC84E4 /* Assets.xcassets in Resources */ = {isa = PBXBuildFile; fileRef = FB2846C828717A7200CC84E4 /* Assets.xcassets */; };
		FB2846CC28717A7200CC84E4 /* LaunchScreen.storyboard in Resources */ = {isa = PBXBuildFile; fileRef = FB2846CA28717A7200CC84E4 /* LaunchScreen.storyboard */; };
		FB2846DC28717CE300CC84E4 /* Register_VC.swift in Sources */ = {isa = PBXBuildFile; fileRef = FB2846DB28717CE300CC84E4 /* Register_VC.swift */; };
		FB7B574E2871C540009D0A8E /* Let’s help you meet up your tasks.png in Resources */ = {isa = PBXBuildFile; fileRef = FB7B574D2871C540009D0A8E /* Let’s help you meet up your tasks.png */; };
		FB7B57512871C54D009D0A8E /* Get’s things done with TODO.png in Resources */ = {isa = PBXBuildFile; fileRef = FB7B57502871C54D009D0A8E /* Get’s things done with TODO.png */; };
		FB7B57542871C555009D0A8E /* Done.png in Resources */ = {isa = PBXBuildFile; fileRef = FB7B57532871C555009D0A8E /* Done.png */; };
		FB7B57572871C5C8009D0A8E /* SignIn_VC.swift in Sources */ = {isa = PBXBuildFile; fileRef = FB7B57562871C5C8009D0A8E /* SignIn_VC.swift */; };
		FB7B575E2871D03E009D0A8E /* image.png in Resources */ = {isa = PBXBuildFile; fileRef = FB7B575D2871D03E009D0A8E /* image.png */; };
		FB89F05428717E5E00408D73 /* Group 3.png in Resources */ = {isa = PBXBuildFile; fileRef = FB89F05228717E5E00408D73 /* Group 3.png */; };
		FB89F05528717E5E00408D73 /* Group 1.png in Resources */ = {isa = PBXBuildFile; fileRef = FB89F05328717E5E00408D73 /* Group 1.png */; };
		FBF142B4287239E800668A5E /* welcome.png in Resources */ = {isa = PBXBuildFile; fileRef = FBF142B3287239E800668A5E /* welcome.png */; };
		FBF142B72872458D00668A5E /* signin.png in Resources */ = {isa = PBXBuildFile; fileRef = FBF142B62872458D00668A5E /* signin.png */; };
/* End PBXBuildFile section */

/* Begin PBXFileReference section */
		FB2846BC28717A7100CC84E4 /* Figma_TODO.app */ = {isa = PBXFileReference; explicitFileType = wrapper.application; includeInIndex = 0; path = Figma_TODO.app; sourceTree = BUILT_PRODUCTS_DIR; };
		FB2846BF28717A7100CC84E4 /* AppDelegate.swift */ = {isa = PBXFileReference; lastKnownFileType = sourcecode.swift; path = AppDelegate.swift; sourceTree = "<group>"; };
		FB2846C128717A7100CC84E4 /* SceneDelegate.swift */ = {isa = PBXFileReference; lastKnownFileType = sourcecode.swift; path = SceneDelegate.swift; sourceTree = "<group>"; };
		FB2846C328717A7100CC84E4 /* ViewController.swift */ = {isa = PBXFileReference; lastKnownFileType = sourcecode.swift; path = ViewController.swift; sourceTree = "<group>"; };
		FB2846C628717A7100CC84E4 /* Base */ = {isa = PBXFileReference; lastKnownFileType = file.storyboard; name = Base; path = Base.lproj/Main.storyboard; sourceTree = "<group>"; };
		FB2846C828717A7200CC84E4 /* Assets.xcassets */ = {isa = PBXFileReference; lastKnownFileType = folder.assetcatalog; path = Assets.xcassets; sourceTree = "<group>"; };
		FB2846CB28717A7200CC84E4 /* Base */ = {isa = PBXFileReference; lastKnownFileType = file.storyboard; name = Base; path = Base.lproj/LaunchScreen.storyboard; sourceTree = "<group>"; };
		FB2846CD28717A7200CC84E4 /* Info.plist */ = {isa = PBXFileReference; lastKnownFileType = text.plist.xml; path = Info.plist; sourceTree = "<group>"; };
		FB2846DB28717CE300CC84E4 /* Register_VC.swift */ = {isa = PBXFileReference; lastKnownFileType = sourcecode.swift; path = Register_VC.swift; sourceTree = "<group>"; };
		FB7B574D2871C540009D0A8E /* Let’s help you meet up your tasks.png */ = {isa = PBXFileReference; lastKnownFileType = image.png; name = "Let’s help you meet up your tasks.png"; path = "../../Figma_TODO images/Let’s help you meet up your tasks.png"; sourceTree = "<group>"; };
		FB7B57502871C54D009D0A8E /* Get’s things done with TODO.png */ = {isa = PBXFileReference; lastKnownFileType = image.png; name = "Get’s things done with TODO.png"; path = "../../Figma_TODO images/Get’s things done with TODO.png"; sourceTree = "<group>"; };
		FB7B57532871C555009D0A8E /* Done.png */ = {isa = PBXFileReference; lastKnownFileType = image.png; name = Done.png; path = "../../Figma_TODO images/Done.png"; sourceTree = "<group>"; };
		FB7B57562871C5C8009D0A8E /* SignIn_VC.swift */ = {isa = PBXFileReference; lastKnownFileType = sourcecode.swift; path = SignIn_VC.swift; sourceTree = "<group>"; };
		FB7B575D2871D03E009D0A8E /* image.png */ = {isa = PBXFileReference; lastKnownFileType = image.png; name = image.png; path = "../../Figma_TODO images/image.png"; sourceTree = "<group>"; };
		FB89F05228717E5E00408D73 /* Group 3.png */ = {isa = PBXFileReference; lastKnownFileType = image.png; name = "Group 3.png"; path = "../../Figma_TODO images/Group 3.png"; sourceTree = "<group>"; };
		FB89F05328717E5E00408D73 /* Group 1.png */ = {isa = PBXFileReference; lastKnownFileType = image.png; name = "Group 1.png"; path = "../../Figma_TODO images/Group 1.png"; sourceTree = "<group>"; };
		FBF142B3287239E800668A5E /* welcome.png */ = {isa = PBXFileReference; lastKnownFileType = image.png; name = welcome.png; path = "../../Figma_TODO images/welcome.png"; sourceTree = "<group>"; };
		FBF142B62872458D00668A5E /* signin.png */ = {isa = PBXFileReference; lastKnownFileType = image.png; name = signin.png; path = "../../Figma_TODO images/signin.png"; sourceTree = "<group>"; };
/* End PBXFileReference section */

/* Begin PBXFrameworksBuildPhase section */
		FB2846B928717A7100CC84E4 /* Frameworks */ = {
			isa = PBXFrameworksBuildPhase;
			buildActionMask = 2147483647;
			files = (
			);
			runOnlyForDeploymentPostprocessing = 0;
		};
/* End PBXFrameworksBuildPhase section */

/* Begin PBXGroup section */
		FB2846B328717A7100CC84E4 = {
			isa = PBXGroup;
			children = (
				FB2846DE28717CEA00CC84E4 /* ViewControllers */,
				FB2846D428717AC200CC84E4 /* png */,
				FB2846BE28717A7100CC84E4 /* Figma_TODO */,
				FB2846BD28717A7100CC84E4 /* Products */,
			);
			sourceTree = "<group>";
		};
		FB2846BD28717A7100CC84E4 /* Products */ = {
			isa = PBXGroup;
			children = (
				FB2846BC28717A7100CC84E4 /* Figma_TODO.app */,
			);
			name = Products;
			sourceTree = "<group>";
		};
		FB2846BE28717A7100CC84E4 /* Figma_TODO */ = {
			isa = PBXGroup;
			children = (
				FB2846BF28717A7100CC84E4 /* AppDelegate.swift */,
				FB2846C128717A7100CC84E4 /* SceneDelegate.swift */,
				FB2846C528717A7100CC84E4 /* Main.storyboard */,
				FB2846C828717A7200CC84E4 /* Assets.xcassets */,
				FB2846CA28717A7200CC84E4 /* LaunchScreen.storyboard */,
				FB2846CD28717A7200CC84E4 /* Info.plist */,
			);
			path = Figma_TODO;
			sourceTree = "<group>";
		};
		FB2846D428717AC200CC84E4 /* png */ = {
			isa = PBXGroup;
			children = (
				FBF142B62872458D00668A5E /* signin.png */,
				FB7B575D2871D03E009D0A8E /* image.png */,
				FB7B574D2871C540009D0A8E /* Let’s help you meet up your tasks.png */,
				FB7B57502871C54D009D0A8E /* Get’s things done with TODO.png */,
				FB89F05328717E5E00408D73 /* Group 1.png */,
				FB7B57532871C555009D0A8E /* Done.png */,
				FB89F05228717E5E00408D73 /* Group 3.png */,
				FBF142B3287239E800668A5E /* welcome.png */,
			);
			path = png;
			sourceTree = "<group>";
		};
		FB2846DE28717CEA00CC84E4 /* ViewControllers */ = {
			isa = PBXGroup;
			children = (
				FB2846DB28717CE300CC84E4 /* Register_VC.swift */,
				FB7B57562871C5C8009D0A8E /* SignIn_VC.swift */,
				FB2846C328717A7100CC84E4 /* ViewController.swift */,
			);
			path = ViewControllers;
			sourceTree = "<group>";
		};
/* End PBXGroup section */

/* Begin PBXNativeTarget section */
		FB2846BB28717A7100CC84E4 /* Figma_TODO */ = {
			isa = PBXNativeTarget;
			buildConfigurationList = FB2846D028717A7200CC84E4 /* Build configuration list for PBXNativeTarget "Figma_TODO" */;
			buildPhases = (
				FB2846B828717A7100CC84E4 /* Sources */,
				FB2846B928717A7100CC84E4 /* Frameworks */,
				FB2846BA28717A7100CC84E4 /* Resources */,
			);
			buildRules = (
			);
			dependencies = (
			);
			name = Figma_TODO;
			productName = Figma_TODO;
			productReference = FB2846BC28717A7100CC84E4 /* Figma_TODO.app */;
			productType = "com.apple.product-type.application";
		};
/* End PBXNativeTarget section */

/* Begin PBXProject section */
		FB2846B428717A7100CC84E4 /* Project object */ = {
			isa = PBXProject;
			attributes = {
				LastSwiftUpdateCheck = 1240;
				LastUpgradeCheck = 1240;
				TargetAttributes = {
					FB2846BB28717A7100CC84E4 = {
						CreatedOnToolsVersion = 12.4;
					};
				};
			};
			buildConfigurationList = FB2846B728717A7100CC84E4 /* Build configuration list for PBXProject "Figma_TODO" */;
			compatibilityVersion = "Xcode 9.3";
			developmentRegion = en;
			hasScannedForEncodings = 0;
			knownRegions = (
				en,
				Base,
			);
			mainGroup = FB2846B328717A7100CC84E4;
			productRefGroup = FB2846BD28717A7100CC84E4 /* Products */;
			projectDirPath = "";
			projectRoot = "";
			targets = (
				FB2846BB28717A7100CC84E4 /* Figma_TODO */,
			);
		};
/* End PBXProject section */

/* Begin PBXResourcesBuildPhase section */
		FB2846BA28717A7100CC84E4 /* Resources */ = {
			isa = PBXResourcesBuildPhase;
			buildActionMask = 2147483647;
			files = (
				FB7B574E2871C540009D0A8E /* Let’s help you meet up your tasks.png in Resources */,
				FB7B57542871C555009D0A8E /* Done.png in Resources */,
				FB89F05428717E5E00408D73 /* Group 3.png in Resources */,
				FB89F05528717E5E00408D73 /* Group 1.png in Resources */,
				FB7B57512871C54D009D0A8E /* Get’s things done with TODO.png in Resources */,
				FB2846CC28717A7200CC84E4 /* LaunchScreen.storyboard in Resources */,
				FBF142B4287239E800668A5E /* welcome.png in Resources */,
				FBF142B72872458D00668A5E /* signin.png in Resources */,
				FB2846C928717A7200CC84E4 /* Assets.xcassets in Resources */,
				FB2846C728717A7100CC84E4 /* Main.storyboard in Resources */,
				FB7B575E2871D03E009D0A8E /* image.png in Resources */,
			);
			runOnlyForDeploymentPostprocessing = 0;
		};
/* End PBXResourcesBuildPhase section */

/* Begin PBXSourcesBuildPhase section */
		FB2846B828717A7100CC84E4 /* Sources */ = {
			isa = PBXSourcesBuildPhase;
			buildActionMask = 2147483647;
			files = (
				FB7B57572871C5C8009D0A8E /* SignIn_VC.swift in Sources */,
				FB2846C428717A7100CC84E4 /* ViewController.swift in Sources */,
				FB2846DC28717CE300CC84E4 /* Register_VC.swift in Sources */,
				FB2846C028717A7100CC84E4 /* AppDelegate.swift in Sources */,
				FB2846C228717A7100CC84E4 /* SceneDelegate.swift in Sources */,
			);
			runOnlyForDeploymentPostprocessing = 0;
		};
/* End PBXSourcesBuildPhase section */

/* Begin PBXVariantGroup section */
		FB2846C528717A7100CC84E4 /* Main.storyboard */ = {
			isa = PBXVariantGroup;
			children = (
				FB2846C628717A7100CC84E4 /* Base */,
			);
			name = Main.storyboard;
			sourceTree = "<group>";
		};
		FB2846CA28717A7200CC84E4 /* LaunchScreen.storyboard */ = {
			isa = PBXVariantGroup;
			children = (
				FB2846CB28717A7200CC84E4 /* Base */,
			);
			name = LaunchScreen.storyboard;
			sourceTree = "<group>";
		};
/* End PBXVariantGroup section */

/* Begin XCBuildConfiguration section */
		FB2846CE28717A7200CC84E4 /* Debug */ = {
			isa = XCBuildConfiguration;
			buildSettings = {
				ALWAYS_SEARCH_USER_PATHS = NO;
				CLANG_ANALYZER_NONNULL = YES;
				CLANG_ANALYZER_NUMBER_OBJECT_CONVERSION = YES_AGGRESSIVE;
				CLANG_CXX_LANGUAGE_STANDARD = "gnu++14";
				CLANG_CXX_LIBRARY = "libc++";
				CLANG_ENABLE_MODULES = YES;
				CLANG_ENABLE_OBJC_ARC = YES;
				CLANG_ENABLE_OBJC_WEAK = YES;
				CLANG_WARN_BLOCK_CAPTURE_AUTORELEASING = YES;
				CLANG_WARN_BOOL_CONVERSION = YES;
				CLANG_WARN_COMMA = YES;
				CLANG_WARN_CONSTANT_CONVERSION = YES;
				CLANG_WARN_DEPRECATED_OBJC_IMPLEMENTATIONS = YES;
				CLANG_WARN_DIRECT_OBJC_ISA_USAGE = YES_ERROR;
				CLANG_WARN_DOCUMENTATION_COMMENTS = YES;
				CLANG_WARN_EMPTY_BODY = YES;
				CLANG_WARN_ENUM_CONVERSION = YES;
				CLANG_WARN_INFINITE_RECURSION = YES;
				CLANG_WARN_INT_CONVERSION = YES;
				CLANG_WARN_NON_LITERAL_NULL_CONVERSION = YES;
				CLANG_WARN_OBJC_IMPLICIT_RETAIN_SELF = YES;
				CLANG_WARN_OBJC_LITERAL_CONVERSION = YES;
				CLANG_WARN_OBJC_ROOT_CLASS = YES_ERROR;
				CLANG_WARN_QUOTED_INCLUDE_IN_FRAMEWORK_HEADER = YES;
				CLANG_WARN_RANGE_LOOP_ANALYSIS = YES;
				CLANG_WARN_STRICT_PROTOTYPES = YES;
				CLANG_WARN_SUSPICIOUS_MOVE = YES;
				CLANG_WARN_UNGUARDED_AVAILABILITY = YES_AGGRESSIVE;
				CLANG_WARN_UNREACHABLE_CODE = YES;
				CLANG_WARN__DUPLICATE_METHOD_MATCH = YES;
				COPY_PHASE_STRIP = NO;
				DEBUG_INFORMATION_FORMAT = dwarf;
				ENABLE_STRICT_OBJC_MSGSEND = YES;
				ENABLE_TESTABILITY = YES;
				GCC_C_LANGUAGE_STANDARD = gnu11;
				GCC_DYNAMIC_NO_PIC = NO;
				GCC_NO_COMMON_BLOCKS = YES;
				GCC_OPTIMIZATION_LEVEL = 0;
				GCC_PREPROCESSOR_DEFINITIONS = (
					"DEBUG=1",
					"$(inherited)",
				);
				GCC_WARN_64_TO_32_BIT_CONVERSION = YES;
				GCC_WARN_ABOUT_RETURN_TYPE = YES_ERROR;
				GCC_WARN_UNDECLARED_SELECTOR = YES;
				GCC_WARN_UNINITIALIZED_AUTOS = YES_AGGRESSIVE;
				GCC_WARN_UNUSED_FUNCTION = YES;
				GCC_WARN_UNUSED_VARIABLE = YES;
				IPHONEOS_DEPLOYMENT_TARGET = 14.4;
				MTL_ENABLE_DEBUG_INFO = INCLUDE_SOURCE;
				MTL_FAST_MATH = YES;
				ONLY_ACTIVE_ARCH = YES;
				SDKROOT = iphoneos;
				SWIFT_ACTIVE_COMPILATION_CONDITIONS = DEBUG;
				SWIFT_OPTIMIZATION_LEVEL = "-Onone";
			};
			name = Debug;
		};
		FB2846CF28717A7200CC84E4 /* Release */ = {
			isa = XCBuildConfiguration;
			buildSettings = {
				ALWAYS_SEARCH_USER_PATHS = NO;
				CLANG_ANALYZER_NONNULL = YES;
				CLANG_ANALYZER_NUMBER_OBJECT_CONVERSION = YES_AGGRESSIVE;
				CLANG_CXX_LANGUAGE_STANDARD = "gnu++14";
				CLANG_CXX_LIBRARY = "libc++";
				CLANG_ENABLE_MODULES = YES;
				CLANG_ENABLE_OBJC_ARC = YES;
				CLANG_ENABLE_OBJC_WEAK = YES;
				CLANG_WARN_BLOCK_CAPTURE_AUTORELEASING = YES;
				CLANG_WARN_BOOL_CONVERSION = YES;
				CLANG_WARN_COMMA = YES;
				CLANG_WARN_CONSTANT_CONVERSION = YES;
				CLANG_WARN_DEPRECATED_OBJC_IMPLEMENTATIONS = YES;
				CLANG_WARN_DIRECT_OBJC_ISA_USAGE = YES_ERROR;
				CLANG_WARN_DOCUMENTATION_COMMENTS = YES;
				CLANG_WARN_EMPTY_BODY = YES;
				CLANG_WARN_ENUM_CONVERSION = YES;
				CLANG_WARN_INFINITE_RECURSION = YES;
				CLANG_WARN_INT_CONVERSION = YES;
				CLANG_WARN_NON_LITERAL_NULL_CONVERSION = YES;
				CLANG_WARN_OBJC_IMPLICIT_RETAIN_SELF = YES;
				CLANG_WARN_OBJC_LITERAL_CONVERSION = YES;
				CLANG_WARN_OBJC_ROOT_CLASS = YES_ERROR;
				CLANG_WARN_QUOTED_INCLUDE_IN_FRAMEWORK_HEADER = YES;
				CLANG_WARN_RANGE_LOOP_ANALYSIS = YES;
				CLANG_WARN_STRICT_PROTOTYPES = YES;
				CLANG_WARN_SUSPICIOUS_MOVE = YES;
				CLANG_WARN_UNGUARDED_AVAILABILITY = YES_AGGRESSIVE;
				CLANG_WARN_UNREACHABLE_CODE = YES;
				CLANG_WARN__DUPLICATE_METHOD_MATCH = YES;
				COPY_PHASE_STRIP = NO;
				DEBUG_INFORMATION_FORMAT = "dwarf-with-dsym";
				ENABLE_NS_ASSERTIONS = NO;
				ENABLE_STRICT_OBJC_MSGSEND = YES;
				GCC_C_LANGUAGE_STANDARD = gnu11;
				GCC_NO_COMMON_BLOCKS = YES;
				GCC_WARN_64_TO_32_BIT_CONVERSION = YES;
				GCC_WARN_ABOUT_RETURN_TYPE = YES_ERROR;
				GCC_WARN_UNDECLARED_SELECTOR = YES;
				GCC_WARN_UNINITIALIZED_AUTOS = YES_AGGRESSIVE;
				GCC_WARN_UNUSED_FUNCTION = YES;
				GCC_WARN_UNUSED_VARIABLE = YES;
				IPHONEOS_DEPLOYMENT_TARGET = 14.4;
				MTL_ENABLE_DEBUG_INFO = NO;
				MTL_FAST_MATH = YES;
				SDKROOT = iphoneos;
				SWIFT_COMPILATION_MODE = wholemodule;
				SWIFT_OPTIMIZATION_LEVEL = "-O";
				VALIDATE_PRODUCT = YES;
			};
			name = Release;
		};
		FB2846D128717A7200CC84E4 /* Debug */ = {
			isa = XCBuildConfiguration;
			buildSettings = {
				ASSETCATALOG_COMPILER_APPICON_NAME = AppIcon;
				ASSETCATALOG_COMPILER_GLOBAL_ACCENT_COLOR_NAME = AccentColor;
				CODE_SIGN_STYLE = Automatic;
				DEVELOPMENT_TEAM = 86UM5PU558;
				INFOPLIST_FILE = Figma_TODO/Info.plist;
				IPHONEOS_DEPLOYMENT_TARGET = 12.1;
				LD_RUNPATH_SEARCH_PATHS = (
					"$(inherited)",
					"@executable_path/Frameworks",
				);
				PRODUCT_BUNDLE_IDENTIFIER = "norghsmacmini.identifier.Figma-TODO";
				PRODUCT_NAME = "$(TARGET_NAME)";
				SWIFT_VERSION = 5.0;
				TARGETED_DEVICE_FAMILY = "1,2";
			};
			name = Debug;
		};
		FB2846D228717A7200CC84E4 /* Release */ = {
			isa = XCBuildConfiguration;
			buildSettings = {
				ASSETCATALOG_COMPILER_APPICON_NAME = AppIcon;
				ASSETCATALOG_COMPILER_GLOBAL_ACCENT_COLOR_NAME = AccentColor;
				CODE_SIGN_STYLE = Automatic;
				DEVELOPMENT_TEAM = 86UM5PU558;
				INFOPLIST_FILE = Figma_TODO/Info.plist;
				IPHONEOS_DEPLOYMENT_TARGET = 12.1;
				LD_RUNPATH_SEARCH_PATHS = (
					"$(inherited)",
					"@executable_path/Frameworks",
				);
				PRODUCT_BUNDLE_IDENTIFIER = "norghsmacmini.identifier.Figma-TODO";
				PRODUCT_NAME = "$(TARGET_NAME)";
				SWIFT_VERSION = 5.0;
				TARGETED_DEVICE_FAMILY = "1,2";
			};
			name = Release;
		};
/* End XCBuildConfiguration section */

/* Begin XCConfigurationList section */
		FB2846B728717A7100CC84E4 /* Build configuration list for PBXProject "Figma_TODO" */ = {
			isa = XCConfigurationList;
			buildConfigurations = (
				FB2846CE28717A7200CC84E4 /* Debug */,
				FB2846CF28717A7200CC84E4 /* Release */,
			);
			defaultConfigurationIsVisible = 0;
			defaultConfigurationName = Release;
		};
		FB2846D028717A7200CC84E4 /* Build configuration list for PBXNativeTarget "Figma_TODO" */ = {
			isa = XCConfigurationList;
			buildConfigurations = (
				FB2846D128717A7200CC84E4 /* Debug */,
				FB2846D228717A7200CC84E4 /* Release */,
			);
			defaultConfigurationIsVisible = 0;
			defaultConfigurationName = Release;
		};
/* End XCConfigurationList section */
	};
	rootObject = FB2846B428717A7100CC84E4 /* Project object */;
}
